// !$*UTF8*$!
{
	archiveVersion = 1;
	classes = {
	};
	objectVersion = 54;
	objects = {

/* Begin PBXBuildFile section */
		1498D2341E8E89220040F4C2 /* GeneratedPluginRegistrant.m in Sources */ = {isa = PBXBuildFile; fileRef = 1498D2331E8E89220040F4C2 /* GeneratedPluginRegistrant.m */; };
		331C808B294A63AB00263BE5 /* RunnerTests.swift in Sources */ = {isa = PBXBuildFile; fileRef = 331C807B294A618700263BE5 /* RunnerTests.swift */; };
		3B3967161E833CAA004F5970 /* AppFrameworkInfo.plist in Resources */ = {isa = PBXBuildFile; fileRef = 3B3967151E833CAA004F5970 /* AppFrameworkInfo.plist */; };
		61D006AAE3970A673005B8F4 /* Pods_RunnerTests.framework in Frameworks */ = {isa = PBXBuildFile; fileRef = C41D39754BFC93BF12541812 /* Pods_RunnerTests.framework */; };
		74858FAF1ED2DC5600515810 /* AppDelegate.swift in Sources */ = {isa = PBXBuildFile; fileRef = 74858FAE1ED2DC5600515810 /* AppDelegate.swift */; };
		78A318202AECB46A00862997 /* FlutterGeneratedPluginSwiftPackage in Frameworks */ = {isa = PBXBuildFile; productRef = 78A3181F2AECB46A00862997 /* FlutterGeneratedPluginSwiftPackage */; };
		97C146FC1CF9000F007C117D /* Main.storyboard in Resources */ = {isa = PBXBuildFile; fileRef = 97C146FA1CF9000F007C117D /* Main.storyboard */; };
		97C146FE1CF9000F007C117D /* Assets.xcassets in Resources */ = {isa = PBXBuildFile; fileRef = 97C146FD1CF9000F007C117D /* Assets.xcassets */; };
		97C147011CF9000F007C117D /* LaunchScreen.storyboard in Resources */ = {isa = PBXBuildFile; fileRef = 97C146FF1CF9000F007C117D /* LaunchScreen.storyboard */; };
		D0864F922DA32BF80064535A /* azan_1.aiff in Resources */ = {isa = PBXBuildFile; fileRef = D0864F8C2DA32BF80064535A /* azan_1.aiff */; };
		D0864F932DA32BF80064535A /* azan_2.aiff in Resources */ = {isa = PBXBuildFile; fileRef = D0864F8D2DA32BF80064535A /* azan_2.aiff */; };
		D0864F942DA32BF80064535A /* azan_3.aiff in Resources */ = {isa = PBXBuildFile; fileRef = D0864F8E2DA32BF80064535A /* azan_3.aiff */; };
		D0864F952DA32BF80064535A /* noti_1.aiff in Resources */ = {isa = PBXBuildFile; fileRef = D0864F8F2DA32BF80064535A /* noti_1.aiff */; };
		D0864F962DA32BF80064535A /* noti_beep.aiff in Resources */ = {isa = PBXBuildFile; fileRef = D0864F902DA32BF80064535A /* noti_beep.aiff */; };
		D0864F972DA32BF80064535A /* noti_beep_beep.aiff in Resources */ = {isa = PBXBuildFile; fileRef = D0864F912DA32BF80064535A /* noti_beep_beep.aiff */; };
		EB1D34567098FFD9D421B5F2 /* Pods_Runner.framework in Frameworks */ = {isa = PBXBuildFile; fileRef = C8CFB6C8E7AF5EBCB27AD5C1 /* Pods_Runner.framework */; };
		FAF6F7916F6DFFBFCE1B1932 /* moatheni_alsurihy.aiff in Resources */ = {isa = PBXBuildFile; fileRef = 8739509A447B5EF3D7EC24CE /* moatheni_alsurihy.aiff */; };
		97427C6B4F9706F5D2025192 /* moatheni_hamd.aiff in Resources */ = {isa = PBXBuildFile; fileRef = 568EB52F56BBF0874D663E8D /* moatheni_hamd.aiff */; };
		EAF109FC13DE44F74AD1196D /* moatheni_hijazi.aiff in Resources */ = {isa = PBXBuildFile; fileRef = FBAD43F6083B4C42F546F3E7 /* moatheni_hijazi.aiff */; };
		75E72C7949744CB44968700E /* moatheni_qasas.aiff in Resources */ = {isa = PBXBuildFile; fileRef = 9C4C7DE42C2EE86E780BC1A6 /* moatheni_qasas.aiff */; };
		20579F015B957096A1A42B09 /* moatheni_naser.aiff in Resources */ = {isa = PBXBuildFile; fileRef = B82BEDAF3964A50D401077F4 /* moatheni_naser.aiff */; };
		68998A7FE35D717410160F35 /* moatheni_salah.aiff in Resources */ = {isa = PBXBuildFile; fileRef = 3FF4DC2B9BE1E4A0A4D9B171 /* moatheni_salah.aiff */; };
		68BECC8546BABA237B25F2E6 /* moatheni_salah_fajr.aiff in Resources */ = {isa = PBXBuildFile; fileRef = 74D2A4FEE8ED806E1C5F5461 /* moatheni_salah_fajr.aiff */; };
		65D8CFBEF3484BB3388D4EC8 /* moatheni_albany.aiff in Resources */ = {isa = PBXBuildFile; fileRef = 5904316D0B982E1AA908E4B1 /* moatheni_albany.aiff */; };
		0BBAD3621EB9F5D8B57C4592 /* moatheni_after_prayer_asr.aiff in Resources */ = {isa = PBXBuildFile; fileRef = D97D63F27DD50F90BAFE4319 /* moatheni_after_prayer_asr.aiff */; };
		BCFF838DBAAE8C61F68201D7 /* moatheni_on_prayer_asr.aiff in Resources */ = {isa = PBXBuildFile; fileRef = 6B6D4657A8EBAAAEAF04E5D9 /* moatheni_on_prayer_asr.aiff */; };
		235C6EA31714513947A56E57 /* moatheni_before_lastthird.aiff in Resources */ = {isa = PBXBuildFile; fileRef = 6AA2BEDDD941435702EF9C8E /* moatheni_before_lastthird.aiff */; };
		0817352E3B15B69C19C33A2D /* moatheni_short_sound.aiff in Resources */ = {isa = PBXBuildFile; fileRef = A402243939B3F5E48A2743D3 /* moatheni_short_sound.aiff */; };
		AB769F3119577323D5EE01BB /* moatheni_bird.aiff in Resources */ = {isa = PBXBuildFile; fileRef = B12B16C172F126199124640F /* moatheni_bird.aiff */; };
		097C4E199F128F39D0A1FDBD /* moatheni_after_prayer_dhuhr.aiff in Resources */ = {isa = PBXBuildFile; fileRef = E2C9FB276351B8AECC8BC954 /* moatheni_after_prayer_dhuhr.aiff */; };
		6BA44503B101F3DC69DCE11B /* moatheni_on_prayer_dhuhr.aiff in Resources */ = {isa = PBXBuildFile; fileRef = 74C053C3CD12DD4BB21306B9 /* moatheni_on_prayer_dhuhr.aiff */; };
		7136301B2DC3B028B85F68EF /* moatheni_duha.aiff in Resources */ = {isa = PBXBuildFile; fileRef = 230C42289A0D11A25D7029F8 /* moatheni_duha.aiff */; };
		E4CF0D1D900464BD65981955 /* moatheni_eqama2.aiff in Resources */ = {isa = PBXBuildFile; fileRef = 8F7DED5CF26B16647CB200E6 /* moatheni_eqama2.aiff */; };
		B83364035E1D3B91C38E5D0A /* moatheni_evening_azkar1.aiff in Resources */ = {isa = PBXBuildFile; fileRef = C5906EFE335B976D9F696573 /* moatheni_evening_azkar1.aiff */; };
		3AD0F8A9B046B76BC27A2E48 /* moatheni_evening_azkar2.aiff in Resources */ = {isa = PBXBuildFile; fileRef = FE473B575600D3ED17CFACAF /* moatheni_evening_azkar2.aiff */; };
		6C1DB7ECAC9712E7D83EE596 /* moatheni_fajr_alarm.aiff in Resources */ = {isa = PBXBuildFile; fileRef = EE0B688DDD24E65AA0170FD3 /* moatheni_fajr_alarm.aiff */; };
		17FDCAAC243740043175BBF3 /* moatheni_ring5.aiff in Resources */ = {isa = PBXBuildFile; fileRef = A90ECEA7A681796E6BE0425E /* moatheni_ring5.aiff */; };
		D9427004203CC058C4E12A01 /* moatheni_ring1.aiff in Resources */ = {isa = PBXBuildFile; fileRef = CEAEB77B5BA9F55335BE8A5D /* moatheni_ring1.aiff */; };
		ED69471A89B28EB89FA82431 /* moatheni_ring2.aiff in Resources */ = {isa = PBXBuildFile; fileRef = 7B6F11DD5E93F9A4FFA69AE3 /* moatheni_ring2.aiff */; };
		72B0C38F2C67E60953327F3C /* moatheni_ring3.aiff in Resources */ = {isa = PBXBuildFile; fileRef = E3E595674262D37A0F02EC6C /* moatheni_ring3.aiff */; };
		DC2A04748B1DE07151D5A71C /* moatheni_ring4.aiff in Resources */ = {isa = PBXBuildFile; fileRef = 74DF61042237476C2020445F /* moatheni_ring4.aiff */; };
		565D23EDFAA32800E5C46E7A /* moatheni_on_prayer_fajr.aiff in Resources */ = {isa = PBXBuildFile; fileRef = D2316FF4E6099D889904EEFB /* moatheni_on_prayer_fajr.aiff */; };
		FD2F37956C8441F81D5A9FA3 /* moatheni_after_prayer_fajr.aiff in Resources */ = {isa = PBXBuildFile; fileRef = A8A21C4221333F8B532C48E5 /* moatheni_after_prayer_fajr.aiff */; };
		CD8080BC5B724482BDFA39E9 /* moatheni_heya_falah.aiff in Resources */ = {isa = PBXBuildFile; fileRef = D84D7D39609D9B4F490001D1 /* moatheni_heya_falah.aiff */; };
		D66A10203F3315F2F721DEB1 /* moatheni_fasting_hadeath.aiff in Resources */ = {isa = PBXBuildFile; fileRef = 8CD40ECB0F97CC4A8877750F /* moatheni_fasting_hadeath.aiff */; };
		641658BFF421C97FF8EC0167 /* moatheni_after_prayer_isha.aiff in Resources */ = {isa = PBXBuildFile; fileRef = E8C1862CC6AA8D0CE0417D5A /* moatheni_after_prayer_isha.aiff */; };
		F747C0B12045E997FDF953D2 /* moatheni_on_prayer_isha.aiff in Resources */ = {isa = PBXBuildFile; fileRef = B968B422F617E807D221CF18 /* moatheni_on_prayer_isha.aiff */; };
		8AA669E7302353C02DA7ABF7 /* moatheni_after_prayer_jumaa.aiff in Resources */ = {isa = PBXBuildFile; fileRef = D779CC930C5C64F382CEB957 /* moatheni_after_prayer_jumaa.aiff */; };
		8F118755367B12D6E31BD21D /* moatheni_on_prayer_jumaa.aiff in Resources */ = {isa = PBXBuildFile; fileRef = FD3669147B598F232E4220C7 /* moatheni_on_prayer_jumaa.aiff */; };
		DE17AB4185D01C82EFD87A67 /* moatheni_jumaa_hour.aiff in Resources */ = {isa = PBXBuildFile; fileRef = 80D09A9F199A08AA31C40CDA /* moatheni_jumaa_hour.aiff */; };
		C24BF4A7947179C608FF041E /* moatheni_last_third.aiff in Resources */ = {isa = PBXBuildFile; fileRef = 28A744FBA181EE0380AE2FD3 /* moatheni_last_third.aiff */; };
		A137623160D822C80F724D11 /* moatheni_after_prayer_maghrib.aiff in Resources */ = {isa = PBXBuildFile; fileRef = 6932CEE7DACAC64B6057D756 /* moatheni_after_prayer_maghrib.aiff */; };
		15C424DBB5BA34D74E0726C6 /* moatheni_on_prayer_maghrib.aiff in Resources */ = {isa = PBXBuildFile; fileRef = C7F79B36C7EA450A1C06F1A8 /* moatheni_on_prayer_maghrib.aiff */; };
		4934267EC0A3374AF648E56B /* moatheni_midnight.aiff in Resources */ = {isa = PBXBuildFile; fileRef = 20A31832BF8D4919000EBFCF /* moatheni_midnight.aiff */; };
		820B8615428D7846C20982B3 /* moatheni_monday_fasting.aiff in Resources */ = {isa = PBXBuildFile; fileRef = 7E1ABF6D84106D974C43F694 /* moatheni_monday_fasting.aiff */; };
		7080750E4CE3C6FFB49FB400 /* moatheni_morning_azkar1.aiff in Resources */ = {isa = PBXBuildFile; fileRef = 3F59447A26AF0625F3983FDE /* moatheni_morning_azkar1.aiff */; };
		6191314963D70784115D2276 /* moatheni_morning_azkar2.aiff in Resources */ = {isa = PBXBuildFile; fileRef = F62A656BD8D88B117EAC9B94 /* moatheni_morning_azkar2.aiff */; };
		9846F8ADB4A37B1C38218107 /* moatheni_before_prayer_asr.aiff in Resources */ = {isa = PBXBuildFile; fileRef = F8D379EC6B5EC0D164FF0BD4 /* moatheni_before_prayer_asr.aiff */; };
		C2BAE34AA6024F1273F2ECC5 /* moatheni_before_prayer_dhuhr.aiff in Resources */ = {isa = PBXBuildFile; fileRef = 56B47D12152D60F1B88688D0 /* moatheni_before_prayer_dhuhr.aiff */; };
		0A03F6F926608D13998B0F86 /* moatheni_before_prayer_fajr.aiff in Resources */ = {isa = PBXBuildFile; fileRef = 4B7B39EE0E2C47F71006C920 /* moatheni_before_prayer_fajr.aiff */; };
		17EC2ECDF8E0F90923665F86 /* moatheni_before_prayer_isha.aiff in Resources */ = {isa = PBXBuildFile; fileRef = 6AEDE1A2B07BA264F5605D59 /* moatheni_before_prayer_isha.aiff */; };
		180FE2F24C6235C1E7CCCA8B /* moatheni_before_prayer_jumaa.aiff in Resources */ = {isa = PBXBuildFile; fileRef = 8B3E492A16173591F830B34A /* moatheni_before_prayer_jumaa.aiff */; };
		81B8A6E97FD72D951C8A070E /* moatheni_before_prayer_maghrib.aiff in Resources */ = {isa = PBXBuildFile; fileRef = 132D4F65941D8ED8848BA66F /* moatheni_before_prayer_maghrib.aiff */; };
		BF325122A4C5338500469FC7 /* moatheni_before_prayer_sunrise.aiff in Resources */ = {isa = PBXBuildFile; fileRef = 768E1EA9BA6448314CEA746F /* moatheni_before_prayer_sunrise.aiff */; };
		2911307D84F4F1912A6ABFAB /* moatheni_heya_salah.aiff in Resources */ = {isa = PBXBuildFile; fileRef = 091BACB60C52AA21F392223D /* moatheni_heya_salah.aiff */; };
		11E46A946AF76FA4C3166600 /* moatheni_silent_switch.aiff in Resources */ = {isa = PBXBuildFile; fileRef = 92B7DC03045257565ABAB479 /* moatheni_silent_switch.aiff */; };
		EEE072B5D9EDD131C22C7BD9 /* moatheni_silent_sound.aiff in Resources */ = {isa = PBXBuildFile; fileRef = F2512B7F99AE670C32A29C4D /* moatheni_silent_sound.aiff */; };
		1063A0772056B00270861A98 /* moatheni_sleep_azkar.aiff in Resources */ = {isa = PBXBuildFile; fileRef = 93BB0F9EBC75F9B26B11FA51 /* moatheni_sleep_azkar.aiff */; };
		D4033F7D42E8425F31ECDFC5 /* moatheni_after_prayer_sunrise.aiff in Resources */ = {isa = PBXBuildFile; fileRef = B0CD52B0F1A5B9B6D136DB40 /* moatheni_after_prayer_sunrise.aiff */; };
		9CD585E94686AFA895830DD3 /* moatheni_on_prayer_sunrise.aiff in Resources */ = {isa = PBXBuildFile; fileRef = 8948678A077120F49AFBD861 /* moatheni_on_prayer_sunrise.aiff */; };
		0AE19DE2FF4FF5E19756191C /* moatheni_takbeer.aiff in Resources */ = {isa = PBXBuildFile; fileRef = FF86DFCC585F7658E36550D8 /* moatheni_takbeer.aiff */; };
		132C02088AA3DF82A68E6A65 /* moatheni_tasbeeh.aiff in Resources */ = {isa = PBXBuildFile; fileRef = 045E3757881B5285783725FA /* moatheni_tasbeeh.aiff */; };
		DBDBA72FE53EDEA47FD31778 /* moatheni_telephone.aiff in Resources */ = {isa = PBXBuildFile; fileRef = 13204DAA71C227C912D5A559 /* moatheni_telephone.aiff */; };
		ED7D07431F5D16B0117784B3 /* moatheni_thursday_fasting.aiff in Resources */ = {isa = PBXBuildFile; fileRef = 7519F0BCA16CC32CD00C8372 /* moatheni_thursday_fasting.aiff */; };
		AF482EAD8908E26E1612AB4D /* moatheni_short3.aiff in Resources */ = {isa = PBXBuildFile; fileRef = BC637EE8A6410286276BF026 /* moatheni_short3.aiff */; };
		0E21ED62887C0F4B32E630BC /* moatheni_short4.aiff in Resources */ = {isa = PBXBuildFile; fileRef = 4EEE9F423DB1D2F747143FDF /* moatheni_short4.aiff */; };
		A8A31FCBCD485804E1431284 /* moatheni_water.aiff in Resources */ = {isa = PBXBuildFile; fileRef = A9E52C8C15562D7527BB9D7B /* moatheni_water.aiff */; };
		11AEBC73ED9063C04D843E15 /* moatheni_white_days.aiff in Resources */ = {isa = PBXBuildFile; fileRef = 625A22A94DA0C9578A6D278D /* moatheni_white_days.aiff */; };
/* End PBXBuildFile section */

/* Begin PBXContainerItemProxy section */
		331C8085294A63A400263BE5 /* PBXContainerItemProxy */ = {
			isa = PBXContainerItemProxy;
			containerPortal = 97C146E61CF9000F007C117D /* Project object */;
			proxyType = 1;
			remoteGlobalIDString = 97C146ED1CF9000F007C117D;
			remoteInfo = Runner;
		};
/* End PBXContainerItemProxy section */

/* Begin PBXCopyFilesBuildPhase section */
		9705A1C41CF9048500538489 /* Embed Frameworks */ = {
			isa = PBXCopyFilesBuildPhase;
			buildActionMask = 2147483647;
			dstPath = "";
			dstSubfolderSpec = 10;
			files = (
			);
			name = "Embed Frameworks";
			runOnlyForDeploymentPostprocessing = 0;
		};
/* End PBXCopyFilesBuildPhase section */

/* Begin PBXFileReference section */
		0B0C75C3772DE1A04DFF30BD /* Pods-RunnerTests.profile.xcconfig */ = {isa = PBXFileReference; includeInIndex = 1; lastKnownFileType = text.xcconfig; name = "Pods-RunnerTests.profile.xcconfig"; path = "Target Support Files/Pods-RunnerTests/Pods-RunnerTests.profile.xcconfig"; sourceTree = "<group>"; };
		1498D2321E8E86230040F4C2 /* GeneratedPluginRegistrant.h */ = {isa = PBXFileReference; lastKnownFileType = sourcecode.c.h; path = GeneratedPluginRegistrant.h; sourceTree = "<group>"; };
		1498D2331E8E89220040F4C2 /* GeneratedPluginRegistrant.m */ = {isa = PBXFileReference; fileEncoding = 4; lastKnownFileType = sourcecode.c.objc; path = GeneratedPluginRegistrant.m; sourceTree = "<group>"; };
		16BFF55C227188835DCEBE5F /* Pods-RunnerTests.release.xcconfig */ = {isa = PBXFileReference; includeInIndex = 1; lastKnownFileType = text.xcconfig; name = "Pods-RunnerTests.release.xcconfig"; path = "Target Support Files/Pods-RunnerTests/Pods-RunnerTests.release.xcconfig"; sourceTree = "<group>"; };
		3140A851DFE27E71D01EDF85 /* Pods-Runner.release.xcconfig */ = {isa = PBXFileReference; includeInIndex = 1; lastKnownFileType = text.xcconfig; name = "Pods-Runner.release.xcconfig"; path = "Target Support Files/Pods-Runner/Pods-Runner.release.xcconfig"; sourceTree = "<group>"; };
		331C807B294A618700263BE5 /* RunnerTests.swift */ = {isa = PBXFileReference; lastKnownFileType = sourcecode.swift; path = RunnerTests.swift; sourceTree = "<group>"; };
		331C8081294A63A400263BE5 /* RunnerTests.xctest */ = {isa = PBXFileReference; explicitFileType = wrapper.cfbundle; includeInIndex = 0; path = RunnerTests.xctest; sourceTree = BUILT_PRODUCTS_DIR; };
		3B3967151E833CAA004F5970 /* AppFrameworkInfo.plist */ = {isa = PBXFileReference; fileEncoding = 4; lastKnownFileType = text.plist.xml; name = AppFrameworkInfo.plist; path = Flutter/AppFrameworkInfo.plist; sourceTree = "<group>"; };
		504879E0C2A7BBEF0F075210 /* Pods-Runner.debug.xcconfig */ = {isa = PBXFileReference; includeInIndex = 1; lastKnownFileType = text.xcconfig; name = "Pods-Runner.debug.xcconfig"; path = "Target Support Files/Pods-Runner/Pods-Runner.debug.xcconfig"; sourceTree = "<group>"; };
		74858FAD1ED2DC5600515810 /* Runner-Bridging-Header.h */ = {isa = PBXFileReference; lastKnownFileType = sourcecode.c.h; path = "Runner-Bridging-Header.h"; sourceTree = "<group>"; };
		74858FAE1ED2DC5600515810 /* AppDelegate.swift */ = {isa = PBXFileReference; fileEncoding = 4; lastKnownFileType = sourcecode.swift; path = AppDelegate.swift; sourceTree = "<group>"; };
		78E0A7A72DC9AD7400C4905E /* FlutterGeneratedPluginSwiftPackage */ = {isa = PBXFileReference; lastKnownFileType = wrapper; name = FlutterGeneratedPluginSwiftPackage; path = Flutter/ephemeral/Packages/FlutterGeneratedPluginSwiftPackage; sourceTree = "<group>"; };
		7AFA3C8E1D35360C0083082E /* Release.xcconfig */ = {isa = PBXFileReference; lastKnownFileType = text.xcconfig; name = Release.xcconfig; path = Flutter/Release.xcconfig; sourceTree = "<group>"; };
		9740EEB21CF90195004384FC /* Debug.xcconfig */ = {isa = PBXFileReference; fileEncoding = 4; lastKnownFileType = text.xcconfig; name = Debug.xcconfig; path = Flutter/Debug.xcconfig; sourceTree = "<group>"; };
		9740EEB31CF90195004384FC /* Generated.xcconfig */ = {isa = PBXFileReference; fileEncoding = 4; lastKnownFileType = text.xcconfig; name = Generated.xcconfig; path = Flutter/Generated.xcconfig; sourceTree = "<group>"; };
		97C146EE1CF9000F007C117D /* Runner.app */ = {isa = PBXFileReference; explicitFileType = wrapper.application; includeInIndex = 0; path = Runner.app; sourceTree = BUILT_PRODUCTS_DIR; };
		97C146FB1CF9000F007C117D /* Base */ = {isa = PBXFileReference; lastKnownFileType = file.storyboard; name = Base; path = Base.lproj/Main.storyboard; sourceTree = "<group>"; };
		97C146FD1CF9000F007C117D /* Assets.xcassets */ = {isa = PBXFileReference; lastKnownFileType = folder.assetcatalog; path = Assets.xcassets; sourceTree = "<group>"; };
		97C147001CF9000F007C117D /* Base */ = {isa = PBXFileReference; lastKnownFileType = file.storyboard; name = Base; path = Base.lproj/LaunchScreen.storyboard; sourceTree = "<group>"; };
		97C147021CF9000F007C117D /* Info.plist */ = {isa = PBXFileReference; lastKnownFileType = text.plist.xml; path = Info.plist; sourceTree = "<group>"; };
		A5CA1B54D0A756AD74A3A8E9 /* Pods-Runner.profile.xcconfig */ = {isa = PBXFileReference; includeInIndex = 1; lastKnownFileType = text.xcconfig; name = "Pods-Runner.profile.xcconfig"; path = "Target Support Files/Pods-Runner/Pods-Runner.profile.xcconfig"; sourceTree = "<group>"; };
		C41D39754BFC93BF12541812 /* Pods_RunnerTests.framework */ = {isa = PBXFileReference; explicitFileType = wrapper.framework; includeInIndex = 0; path = Pods_RunnerTests.framework; sourceTree = BUILT_PRODUCTS_DIR; };
		C8CFB6C8E7AF5EBCB27AD5C1 /* Pods_Runner.framework */ = {isa = PBXFileReference; explicitFileType = wrapper.framework; includeInIndex = 0; path = Pods_Runner.framework; sourceTree = BUILT_PRODUCTS_DIR; };
		D0864F8C2DA32BF80064535A /* azan_1.aiff */ = {isa = PBXFileReference; lastKnownFileType = audio.aiff; path = azan_1.aiff; sourceTree = "<group>"; };
		D0864F8D2DA32BF80064535A /* azan_2.aiff */ = {isa = PBXFileReference; lastKnownFileType = audio.aiff; path = azan_2.aiff; sourceTree = "<group>"; };
		D0864F8E2DA32BF80064535A /* azan_3.aiff */ = {isa = PBXFileReference; lastKnownFileType = audio.aiff; path = azan_3.aiff; sourceTree = "<group>"; };
		D0864F8F2DA32BF80064535A /* noti_1.aiff */ = {isa = PBXFileReference; lastKnownFileType = audio.aiff; path = noti_1.aiff; sourceTree = "<group>"; };
		D0864F902DA32BF80064535A /* noti_beep.aiff */ = {isa = PBXFileReference; lastKnownFileType = audio.aiff; path = noti_beep.aiff; sourceTree = "<group>"; };
		D0864F912DA32BF80064535A /* noti_beep_beep.aiff */ = {isa = PBXFileReference; lastKnownFileType = audio.aiff; path = noti_beep_beep.aiff; sourceTree = "<group>"; };
		EBA1478E62CB8B0BF803863B /* Pods-RunnerTests.debug.xcconfig */ = {isa = PBXFileReference; includeInIndex = 1; lastKnownFileType = text.xcconfig; name = "Pods-RunnerTests.debug.xcconfig"; path = "Target Support Files/Pods-RunnerTests/Pods-RunnerTests.debug.xcconfig"; sourceTree = "<group>"; };
		8739509A447B5EF3D7EC24CE /* moatheni_alsurihy.aiff */ = {isa = PBXFileReference; lastKnownFileType = audio.aiff; path = moatheni_alsurihy.aiff; sourceTree = "<group>"; };
		568EB52F56BBF0874D663E8D /* moatheni_hamd.aiff */ = {isa = PBXFileReference; lastKnownFileType = audio.aiff; path = moatheni_hamd.aiff; sourceTree = "<group>"; };
		FBAD43F6083B4C42F546F3E7 /* moatheni_hijazi.aiff */ = {isa = PBXFileReference; lastKnownFileType = audio.aiff; path = moatheni_hijazi.aiff; sourceTree = "<group>"; };
		9C4C7DE42C2EE86E780BC1A6 /* moatheni_qasas.aiff */ = {isa = PBXFileReference; lastKnownFileType = audio.aiff; path = moatheni_qasas.aiff; sourceTree = "<group>"; };
		B82BEDAF3964A50D401077F4 /* moatheni_naser.aiff */ = {isa = PBXFileReference; lastKnownFileType = audio.aiff; path = moatheni_naser.aiff; sourceTree = "<group>"; };
		3FF4DC2B9BE1E4A0A4D9B171 /* moatheni_salah.aiff */ = {isa = PBXFileReference; lastKnownFileType = audio.aiff; path = moatheni_salah.aiff; sourceTree = "<group>"; };
		74D2A4FEE8ED806E1C5F5461 /* moatheni_salah_fajr.aiff */ = {isa = PBXFileReference; lastKnownFileType = audio.aiff; path = moatheni_salah_fajr.aiff; sourceTree = "<group>"; };
		5904316D0B982E1AA908E4B1 /* moatheni_albany.aiff */ = {isa = PBXFileReference; lastKnownFileType = audio.aiff; path = moatheni_albany.aiff; sourceTree = "<group>"; };
		D97D63F27DD50F90BAFE4319 /* moatheni_after_prayer_asr.aiff */ = {isa = PBXFileReference; lastKnownFileType = audio.aiff; path = moatheni_after_prayer_asr.aiff; sourceTree = "<group>"; };
		6B6D4657A8EBAAAEAF04E5D9 /* moatheni_on_prayer_asr.aiff */ = {isa = PBXFileReference; lastKnownFileType = audio.aiff; path = moatheni_on_prayer_asr.aiff; sourceTree = "<group>"; };
		6AA2BEDDD941435702EF9C8E /* moatheni_before_lastthird.aiff */ = {isa = PBXFileReference; lastKnownFileType = audio.aiff; path = moatheni_before_lastthird.aiff; sourceTree = "<group>"; };
		A402243939B3F5E48A2743D3 /* moatheni_short_sound.aiff */ = {isa = PBXFileReference; lastKnownFileType = audio.aiff; path = moatheni_short_sound.aiff; sourceTree = "<group>"; };
		B12B16C172F126199124640F /* moatheni_bird.aiff */ = {isa = PBXFileReference; lastKnownFileType = audio.aiff; path = moatheni_bird.aiff; sourceTree = "<group>"; };
		E2C9FB276351B8AECC8BC954 /* moatheni_after_prayer_dhuhr.aiff */ = {isa = PBXFileReference; lastKnownFileType = audio.aiff; path = moatheni_after_prayer_dhuhr.aiff; sourceTree = "<group>"; };
		74C053C3CD12DD4BB21306B9 /* moatheni_on_prayer_dhuhr.aiff */ = {isa = PBXFileReference; lastKnownFileType = audio.aiff; path = moatheni_on_prayer_dhuhr.aiff; sourceTree = "<group>"; };
		230C42289A0D11A25D7029F8 /* moatheni_duha.aiff */ = {isa = PBXFileReference; lastKnownFileType = audio.aiff; path = moatheni_duha.aiff; sourceTree = "<group>"; };
		8F7DED5CF26B16647CB200E6 /* moatheni_eqama2.aiff */ = {isa = PBXFileReference; lastKnownFileType = audio.aiff; path = moatheni_eqama2.aiff; sourceTree = "<group>"; };
		C5906EFE335B976D9F696573 /* moatheni_evening_azkar1.aiff */ = {isa = PBXFileReference; lastKnownFileType = audio.aiff; path = moatheni_evening_azkar1.aiff; sourceTree = "<group>"; };
		FE473B575600D3ED17CFACAF /* moatheni_evening_azkar2.aiff */ = {isa = PBXFileReference; lastKnownFileType = audio.aiff; path = moatheni_evening_azkar2.aiff; sourceTree = "<group>"; };
		EE0B688DDD24E65AA0170FD3 /* moatheni_fajr_alarm.aiff */ = {isa = PBXFileReference; lastKnownFileType = audio.aiff; path = moatheni_fajr_alarm.aiff; sourceTree = "<group>"; };
		A90ECEA7A681796E6BE0425E /* moatheni_ring5.aiff */ = {isa = PBXFileReference; lastKnownFileType = audio.aiff; path = moatheni_ring5.aiff; sourceTree = "<group>"; };
		CEAEB77B5BA9F55335BE8A5D /* moatheni_ring1.aiff */ = {isa = PBXFileReference; lastKnownFileType = audio.aiff; path = moatheni_ring1.aiff; sourceTree = "<group>"; };
		7B6F11DD5E93F9A4FFA69AE3 /* moatheni_ring2.aiff */ = {isa = PBXFileReference; lastKnownFileType = audio.aiff; path = moatheni_ring2.aiff; sourceTree = "<group>"; };
		E3E595674262D37A0F02EC6C /* moatheni_ring3.aiff */ = {isa = PBXFileReference; lastKnownFileType = audio.aiff; path = moatheni_ring3.aiff; sourceTree = "<group>"; };
		74DF61042237476C2020445F /* moatheni_ring4.aiff */ = {isa = PBXFileReference; lastKnownFileType = audio.aiff; path = moatheni_ring4.aiff; sourceTree = "<group>"; };
		D2316FF4E6099D889904EEFB /* moatheni_on_prayer_fajr.aiff */ = {isa = PBXFileReference; lastKnownFileType = audio.aiff; path = moatheni_on_prayer_fajr.aiff; sourceTree = "<group>"; };
		A8A21C4221333F8B532C48E5 /* moatheni_after_prayer_fajr.aiff */ = {isa = PBXFileReference; lastKnownFileType = audio.aiff; path = moatheni_after_prayer_fajr.aiff; sourceTree = "<group>"; };
		D84D7D39609D9B4F490001D1 /* moatheni_heya_falah.aiff */ = {isa = PBXFileReference; lastKnownFileType = audio.aiff; path = moatheni_heya_falah.aiff; sourceTree = "<group>"; };
		8CD40ECB0F97CC4A8877750F /* moatheni_fasting_hadeath.aiff */ = {isa = PBXFileReference; lastKnownFileType = audio.aiff; path = moatheni_fasting_hadeath.aiff; sourceTree = "<group>"; };
		E8C1862CC6AA8D0CE0417D5A /* moatheni_after_prayer_isha.aiff */ = {isa = PBXFileReference; lastKnownFileType = audio.aiff; path = moatheni_after_prayer_isha.aiff; sourceTree = "<group>"; };
		B968B422F617E807D221CF18 /* moatheni_on_prayer_isha.aiff */ = {isa = PBXFileReference; lastKnownFileType = audio.aiff; path = moatheni_on_prayer_isha.aiff; sourceTree = "<group>"; };
		D779CC930C5C64F382CEB957 /* moatheni_after_prayer_jumaa.aiff */ = {isa = PBXFileReference; lastKnownFileType = audio.aiff; path = moatheni_after_prayer_jumaa.aiff; sourceTree = "<group>"; };
		FD3669147B598F232E4220C7 /* moatheni_on_prayer_jumaa.aiff */ = {isa = PBXFileReference; lastKnownFileType = audio.aiff; path = moatheni_on_prayer_jumaa.aiff; sourceTree = "<group>"; };
		80D09A9F199A08AA31C40CDA /* moatheni_jumaa_hour.aiff */ = {isa = PBXFileReference; lastKnownFileType = audio.aiff; path = moatheni_jumaa_hour.aiff; sourceTree = "<group>"; };
		28A744FBA181EE0380AE2FD3 /* moatheni_last_third.aiff */ = {isa = PBXFileReference; lastKnownFileType = audio.aiff; path = moatheni_last_third.aiff; sourceTree = "<group>"; };
		6932CEE7DACAC64B6057D756 /* moatheni_after_prayer_maghrib.aiff */ = {isa = PBXFileReference; lastKnownFileType = audio.aiff; path = moatheni_after_prayer_maghrib.aiff; sourceTree = "<group>"; };
		C7F79B36C7EA450A1C06F1A8 /* moatheni_on_prayer_maghrib.aiff */ = {isa = PBXFileReference; lastKnownFileType = audio.aiff; path = moatheni_on_prayer_maghrib.aiff; sourceTree = "<group>"; };
		20A31832BF8D4919000EBFCF /* moatheni_midnight.aiff */ = {isa = PBXFileReference; lastKnownFileType = audio.aiff; path = moatheni_midnight.aiff; sourceTree = "<group>"; };
		7E1ABF6D84106D974C43F694 /* moatheni_monday_fasting.aiff */ = {isa = PBXFileReference; lastKnownFileType = audio.aiff; path = moatheni_monday_fasting.aiff; sourceTree = "<group>"; };
		3F59447A26AF0625F3983FDE /* moatheni_morning_azkar1.aiff */ = {isa = PBXFileReference; lastKnownFileType = audio.aiff; path = moatheni_morning_azkar1.aiff; sourceTree = "<group>"; };
		F62A656BD8D88B117EAC9B94 /* moatheni_morning_azkar2.aiff */ = {isa = PBXFileReference; lastKnownFileType = audio.aiff; path = moatheni_morning_azkar2.aiff; sourceTree = "<group>"; };
		F8D379EC6B5EC0D164FF0BD4 /* moatheni_before_prayer_asr.aiff */ = {isa = PBXFileReference; lastKnownFileType = audio.aiff; path = moatheni_before_prayer_asr.aiff; sourceTree = "<group>"; };
		56B47D12152D60F1B88688D0 /* moatheni_before_prayer_dhuhr.aiff */ = {isa = PBXFileReference; lastKnownFileType = audio.aiff; path = moatheni_before_prayer_dhuhr.aiff; sourceTree = "<group>"; };
		4B7B39EE0E2C47F71006C920 /* moatheni_before_prayer_fajr.aiff */ = {isa = PBXFileReference; lastKnownFileType = audio.aiff; path = moatheni_before_prayer_fajr.aiff; sourceTree = "<group>"; };
		6AEDE1A2B07BA264F5605D59 /* moatheni_before_prayer_isha.aiff */ = {isa = PBXFileReference; lastKnownFileType = audio.aiff; path = moatheni_before_prayer_isha.aiff; sourceTree = "<group>"; };
		8B3E492A16173591F830B34A /* moatheni_before_prayer_jumaa.aiff */ = {isa = PBXFileReference; lastKnownFileType = audio.aiff; path = moatheni_before_prayer_jumaa.aiff; sourceTree = "<group>"; };
		132D4F65941D8ED8848BA66F /* moatheni_before_prayer_maghrib.aiff */ = {isa = PBXFileReference; lastKnownFileType = audio.aiff; path = moatheni_before_prayer_maghrib.aiff; sourceTree = "<group>"; };
		768E1EA9BA6448314CEA746F /* moatheni_before_prayer_sunrise.aiff */ = {isa = PBXFileReference; lastKnownFileType = audio.aiff; path = moatheni_before_prayer_sunrise.aiff; sourceTree = "<group>"; };
		091BACB60C52AA21F392223D /* moatheni_heya_salah.aiff */ = {isa = PBXFileReference; lastKnownFileType = audio.aiff; path = moatheni_heya_salah.aiff; sourceTree = "<group>"; };
		92B7DC03045257565ABAB479 /* moatheni_silent_switch.aiff */ = {isa = PBXFileReference; lastKnownFileType = audio.aiff; path = moatheni_silent_switch.aiff; sourceTree = "<group>"; };
		F2512B7F99AE670C32A29C4D /* moatheni_silent_sound.aiff */ = {isa = PBXFileReference; lastKnownFileType = audio.aiff; path = moatheni_silent_sound.aiff; sourceTree = "<group>"; };
		93BB0F9EBC75F9B26B11FA51 /* moatheni_sleep_azkar.aiff */ = {isa = PBXFileReference; lastKnownFileType = audio.aiff; path = moatheni_sleep_azkar.aiff; sourceTree = "<group>"; };
		B0CD52B0F1A5B9B6D136DB40 /* moatheni_after_prayer_sunrise.aiff */ = {isa = PBXFileReference; lastKnownFileType = audio.aiff; path = moatheni_after_prayer_sunrise.aiff; sourceTree = "<group>"; };
		8948678A077120F49AFBD861 /* moatheni_on_prayer_sunrise.aiff */ = {isa = PBXFileReference; lastKnownFileType = audio.aiff; path = moatheni_on_prayer_sunrise.aiff; sourceTree = "<group>"; };
		FF86DFCC585F7658E36550D8 /* moatheni_takbeer.aiff */ = {isa = PBXFileReference; lastKnownFileType = audio.aiff; path = moatheni_takbeer.aiff; sourceTree = "<group>"; };
		045E3757881B5285783725FA /* moatheni_tasbeeh.aiff */ = {isa = PBXFileReference; lastKnownFileType = audio.aiff; path = moatheni_tasbeeh.aiff; sourceTree = "<group>"; };
		13204DAA71C227C912D5A559 /* moatheni_telephone.aiff */ = {isa = PBXFileReference; lastKnownFileType = audio.aiff; path = moatheni_telephone.aiff; sourceTree = "<group>"; };
		7519F0BCA16CC32CD00C8372 /* moatheni_thursday_fasting.aiff */ = {isa = PBXFileReference; lastKnownFileType = audio.aiff; path = moatheni_thursday_fasting.aiff; sourceTree = "<group>"; };
		BC637EE8A6410286276BF026 /* moatheni_short3.aiff */ = {isa = PBXFileReference; lastKnownFileType = audio.aiff; path = moatheni_short3.aiff; sourceTree = "<group>"; };
		4EEE9F423DB1D2F747143FDF /* moatheni_short4.aiff */ = {isa = PBXFileReference; lastKnownFileType = audio.aiff; path = moatheni_short4.aiff; sourceTree = "<group>"; };
		A9E52C8C15562D7527BB9D7B /* moatheni_water.aiff */ = {isa = PBXFileReference; lastKnownFileType = audio.aiff; path = moatheni_water.aiff; sourceTree = "<group>"; };
		625A22A94DA0C9578A6D278D /* moatheni_white_days.aiff */ = {isa = PBXFileReference; lastKnownFileType = audio.aiff; path = moatheni_white_days.aiff; sourceTree = "<group>"; };
/* End PBXFileReference section */

/* Begin PBXFrameworksBuildPhase section */
		6B7B246C558EE7D98336DBD8 /* Frameworks */ = {
			isa = PBXFrameworksBuildPhase;
			buildActionMask = 2147483647;
			files = (
				61D006AAE3970A673005B8F4 /* Pods_RunnerTests.framework in Frameworks */,
			);
			runOnlyForDeploymentPostprocessing = 0;
		};
		97C146EB1CF9000F007C117D /* Frameworks */ = {
			isa = PBXFrameworksBuildPhase;
			buildActionMask = 2147483647;
			files = (
				78A318202AECB46A00862997 /* FlutterGeneratedPluginSwiftPackage in Frameworks */,
				EB1D34567098FFD9D421B5F2 /* Pods_Runner.framework in Frameworks */,
			);
			runOnlyForDeploymentPostprocessing = 0;
		};
/* End PBXFrameworksBuildPhase section */

/* Begin PBXGroup section */
		02A9EA7F3A21917F4F7D13F0 /* Frameworks */ = {
			isa = PBXGroup;
			children = (
				C8CFB6C8E7AF5EBCB27AD5C1 /* Pods_Runner.framework */,
				C41D39754BFC93BF12541812 /* Pods_RunnerTests.framework */,
			);
			name = Frameworks;
			sourceTree = "<group>";
		};
		331C8082294A63A400263BE5 /* RunnerTests */ = {
			isa = PBXGroup;
			children = (
				331C807B294A618700263BE5 /* RunnerTests.swift */,
			);
			path = RunnerTests;
			sourceTree = "<group>";
		};
		59DDFC608584404695763036 /* Pods */ = {
			isa = PBXGroup;
			children = (
				504879E0C2A7BBEF0F075210 /* Pods-Runner.debug.xcconfig */,
				3140A851DFE27E71D01EDF85 /* Pods-Runner.release.xcconfig */,
				A5CA1B54D0A756AD74A3A8E9 /* Pods-Runner.profile.xcconfig */,
				EBA1478E62CB8B0BF803863B /* Pods-RunnerTests.debug.xcconfig */,
				16BFF55C227188835DCEBE5F /* Pods-RunnerTests.release.xcconfig */,
				0B0C75C3772DE1A04DFF30BD /* Pods-RunnerTests.profile.xcconfig */,
			);
			path = Pods;
			sourceTree = "<group>";
		};
		9740EEB11CF90186004384FC /* Flutter */ = {
			isa = PBXGroup;
			children = (
				78E0A7A72DC9AD7400C4905E /* FlutterGeneratedPluginSwiftPackage */,
				3B3967151E833CAA004F5970 /* AppFrameworkInfo.plist */,
				9740EEB21CF90195004384FC /* Debug.xcconfig */,
				7AFA3C8E1D35360C0083082E /* Release.xcconfig */,
				9740EEB31CF90195004384FC /* Generated.xcconfig */,
			);
			name = Flutter;
			sourceTree = "<group>";
		};
		97C146E51CF9000F007C117D = {
			isa = PBXGroup;
			children = (
				9740EEB11CF90186004384FC /* Flutter */,
				97C146F01CF9000F007C117D /* Runner */,
				97C146EF1CF9000F007C117D /* Products */,
				331C8082294A63A400263BE5 /* RunnerTests */,
				59DDFC608584404695763036 /* Pods */,
				02A9EA7F3A21917F4F7D13F0 /* Frameworks */,
			);
			sourceTree = "<group>";
		};
		97C146EF1CF9000F007C117D /* Products */ = {
			isa = PBXGroup;
			children = (
				97C146EE1CF9000F007C117D /* Runner.app */,
				331C8081294A63A400263BE5 /* RunnerTests.xctest */,
			);
			name = Products;
			sourceTree = "<group>";
		};
		97C146F01CF9000F007C117D /* Runner */ = {
			isa = PBXGroup;
			children = (
				D0864F8B2DA32BE40064535A /* Resources */,
				97C146FA1CF9000F007C117D /* Main.storyboard */,
				97C146FD1CF9000F007C117D /* Assets.xcassets */,
				97C146FF1CF9000F007C117D /* LaunchScreen.storyboard */,
				97C147021CF9000F007C117D /* Info.plist */,
				1498D2321E8E86230040F4C2 /* GeneratedPluginRegistrant.h */,
				1498D2331E8E89220040F4C2 /* GeneratedPluginRegistrant.m */,
				74858FAE1ED2DC5600515810 /* AppDelegate.swift */,
				74858FAD1ED2DC5600515810 /* Runner-Bridging-Header.h */,
			);
			path = Runner;
			sourceTree = "<group>";
		};
		D0864F8B2DA32BE40064535A /* Resources */ = {
			isa = PBXGroup;
			children = (
				8739509A447B5EF3D7EC24CE /* moatheni_alsurihy.aiff */,
				568EB52F56BBF0874D663E8D /* moatheni_hamd.aiff */,
				FBAD43F6083B4C42F546F3E7 /* moatheni_hijazi.aiff */,
				9C4C7DE42C2EE86E780BC1A6 /* moatheni_qasas.aiff */,
				B82BEDAF3964A50D401077F4 /* moatheni_naser.aiff */,
				3FF4DC2B9BE1E4A0A4D9B171 /* moatheni_salah.aiff */,
				74D2A4FEE8ED806E1C5F5461 /* moatheni_salah_fajr.aiff */,
				5904316D0B982E1AA908E4B1 /* moatheni_albany.aiff */,
				D97D63F27DD50F90BAFE4319 /* moatheni_after_prayer_asr.aiff */,
				6B6D4657A8EBAAAEAF04E5D9 /* moatheni_on_prayer_asr.aiff */,
				6AA2BEDDD941435702EF9C8E /* moatheni_before_lastthird.aiff */,
				A402243939B3F5E48A2743D3 /* moatheni_short_sound.aiff */,
				B12B16C172F126199124640F /* moatheni_bird.aiff */,
				E2C9FB276351B8AECC8BC954 /* moatheni_after_prayer_dhuhr.aiff */,
				74C053C3CD12DD4BB21306B9 /* moatheni_on_prayer_dhuhr.aiff */,
				230C42289A0D11A25D7029F8 /* moatheni_duha.aiff */,
				8F7DED5CF26B16647CB200E6 /* moatheni_eqama2.aiff */,
				C5906EFE335B976D9F696573 /* moatheni_evening_azkar1.aiff */,
				FE473B575600D3ED17CFACAF /* moatheni_evening_azkar2.aiff */,
				EE0B688DDD24E65AA0170FD3 /* moatheni_fajr_alarm.aiff */,
				A90ECEA7A681796E6BE0425E /* moatheni_ring5.aiff */,
				CEAEB77B5BA9F55335BE8A5D /* moatheni_ring1.aiff */,
				7B6F11DD5E93F9A4FFA69AE3 /* moatheni_ring2.aiff */,
				E3E595674262D37A0F02EC6C /* moatheni_ring3.aiff */,
				74DF61042237476C2020445F /* moatheni_ring4.aiff */,
				D2316FF4E6099D889904EEFB /* moatheni_on_prayer_fajr.aiff */,
				A8A21C4221333F8B532C48E5 /* moatheni_after_prayer_fajr.aiff */,
				D84D7D39609D9B4F490001D1 /* moatheni_heya_falah.aiff */,
				8CD40ECB0F97CC4A8877750F /* moatheni_fasting_hadeath.aiff */,
				E8C1862CC6AA8D0CE0417D5A /* moatheni_after_prayer_isha.aiff */,
				B968B422F617E807D221CF18 /* moatheni_on_prayer_isha.aiff */,
				D779CC930C5C64F382CEB957 /* moatheni_after_prayer_jumaa.aiff */,
				FD3669147B598F232E4220C7 /* moatheni_on_prayer_jumaa.aiff */,
				80D09A9F199A08AA31C40CDA /* moatheni_jumaa_hour.aiff */,
				28A744FBA181EE0380AE2FD3 /* moatheni_last_third.aiff */,
				6932CEE7DACAC64B6057D756 /* moatheni_after_prayer_maghrib.aiff */,
				C7F79B36C7EA450A1C06F1A8 /* moatheni_on_prayer_maghrib.aiff */,
				20A31832BF8D4919000EBFCF /* moatheni_midnight.aiff */,
				7E1ABF6D84106D974C43F694 /* moatheni_monday_fasting.aiff */,
				3F59447A26AF0625F3983FDE /* moatheni_morning_azkar1.aiff */,
				F62A656BD8D88B117EAC9B94 /* moatheni_morning_azkar2.aiff */,
				F8D379EC6B5EC0D164FF0BD4 /* moatheni_before_prayer_asr.aiff */,
				56B47D12152D60F1B88688D0 /* moatheni_before_prayer_dhuhr.aiff */,
				4B7B39EE0E2C47F71006C920 /* moatheni_before_prayer_fajr.aiff */,
				6AEDE1A2B07BA264F5605D59 /* moatheni_before_prayer_isha.aiff */,
				8B3E492A16173591F830B34A /* moatheni_before_prayer_jumaa.aiff */,
				132D4F65941D8ED8848BA66F /* moatheni_before_prayer_maghrib.aiff */,
				768E1EA9BA6448314CEA746F /* moatheni_before_prayer_sunrise.aiff */,
				091BACB60C52AA21F392223D /* moatheni_heya_salah.aiff */,
				92B7DC03045257565ABAB479 /* moatheni_silent_switch.aiff */,
				F2512B7F99AE670C32A29C4D /* moatheni_silent_sound.aiff */,
				93BB0F9EBC75F9B26B11FA51 /* moatheni_sleep_azkar.aiff */,
				B0CD52B0F1A5B9B6D136DB40 /* moatheni_after_prayer_sunrise.aiff */,
				8948678A077120F49AFBD861 /* moatheni_on_prayer_sunrise.aiff */,
				FF86DFCC585F7658E36550D8 /* moatheni_takbeer.aiff */,
				045E3757881B5285783725FA /* moatheni_tasbeeh.aiff */,
				13204DAA71C227C912D5A559 /* moatheni_telephone.aiff */,
				7519F0BCA16CC32CD00C8372 /* moatheni_thursday_fasting.aiff */,
				BC637EE8A6410286276BF026 /* moatheni_short3.aiff */,
				4EEE9F423DB1D2F747143FDF /* moatheni_short4.aiff */,
				A9E52C8C15562D7527BB9D7B /* moatheni_water.aiff */,
				625A22A94DA0C9578A6D278D /* moatheni_white_days.aiff */,
				D0864F8C2DA32BF80064535A /* azan_1.aiff */,
				D0864F8D2DA32BF80064535A /* azan_2.aiff */,
				D0864F8E2DA32BF80064535A /* azan_3.aiff */,
				D0864F8F2DA32BF80064535A /* noti_1.aiff */,
				D0864F902DA32BF80064535A /* noti_beep.aiff */,
				D0864F912DA32BF80064535A /* noti_beep_beep.aiff */,
			);
			path = Resources;
			sourceTree = "<group>";
		};
/* End PBXGroup section */

/* Begin PBXNativeTarget section */
		331C8080294A63A400263BE5 /* RunnerTests */ = {
			isa = PBXNativeTarget;
			buildConfigurationList = 331C8087294A63A400263BE5 /* Build configuration list for PBXNativeTarget "RunnerTests" */;
			buildPhases = (
				002C70A02AF794735A337890 /* [CP] Check Pods Manifest.lock */,
				331C807D294A63A400263BE5 /* Sources */,
				331C807F294A63A400263BE5 /* Resources */,
				6B7B246C558EE7D98336DBD8 /* Frameworks */,
			);
			buildRules = (
			);
			dependencies = (
				331C8086294A63A400263BE5 /* PBXTargetDependency */,
			);
			name = RunnerTests;
			productName = RunnerTests;
			productReference = 331C8081294A63A400263BE5 /* RunnerTests.xctest */;
			productType = "com.apple.product-type.bundle.unit-test";
		};
		97C146ED1CF9000F007C117D /* Runner */ = {
			isa = PBXNativeTarget;
			buildConfigurationList = 97C147051CF9000F007C117D /* Build configuration list for PBXNativeTarget "Runner" */;
			buildPhases = (
				977ECDA1DA91F286E135FC5D /* [CP] Check Pods Manifest.lock */,
				9740EEB61CF901F6004384FC /* Run Script */,
				97C146EA1CF9000F007C117D /* Sources */,
				97C146EB1CF9000F007C117D /* Frameworks */,
				97C146EC1CF9000F007C117D /* Resources */,
				9705A1C41CF9048500538489 /* Embed Frameworks */,
				3B06AD1E1E4923F5004D2608 /* Thin Binary */,
				6B8A86E72AFB0FE212E91394 /* [CP] Embed Pods Frameworks */,
				A7A6051EF7C3947D7193DDF9 /* [CP] Copy Pods Resources */,
			);
			buildRules = (
			);
			dependencies = (
			);
			name = Runner;
			packageProductDependencies = (
				78A3181F2AECB46A00862997 /* FlutterGeneratedPluginSwiftPackage */,
			);
			productName = Runner;
			productReference = 97C146EE1CF9000F007C117D /* Runner.app */;
			productType = "com.apple.product-type.application";
		};
/* End PBXNativeTarget section */

/* Begin PBXProject section */
		97C146E61CF9000F007C117D /* Project object */ = {
			isa = PBXProject;
			attributes = {
				BuildIndependentTargetsInParallel = YES;
				LastUpgradeCheck = 1510;
				ORGANIZATIONNAME = "";
				TargetAttributes = {
					331C8080294A63A400263BE5 = {
						CreatedOnToolsVersion = 14.0;
						TestTargetID = 97C146ED1CF9000F007C117D;
					};
					97C146ED1CF9000F007C117D = {
						CreatedOnToolsVersion = 7.3.1;
						LastSwiftMigration = 1100;
					};
				};
			};
			buildConfigurationList = 97C146E91CF9000F007C117D /* Build configuration list for PBXProject "Runner" */;
			compatibilityVersion = "Xcode 9.3";
			developmentRegion = en;
			hasScannedForEncodings = 0;
			knownRegions = (
				en,
				Base,
			);
			mainGroup = 97C146E51CF9000F007C117D;
			packageReferences = (
				781AD8BC2B33823900A9FFBB /* XCLocalSwiftPackageReference "FlutterGeneratedPluginSwiftPackage" */,
			);
			productRefGroup = 97C146EF1CF9000F007C117D /* Products */;
			projectDirPath = "";
			projectRoot = "";
			targets = (
				97C146ED1CF9000F007C117D /* Runner */,
				331C8080294A63A400263BE5 /* RunnerTests */,
			);
		};
/* End PBXProject section */

/* Begin PBXResourcesBuildPhase section */
		331C807F294A63A400263BE5 /* Resources */ = {
			isa = PBXResourcesBuildPhase;
			buildActionMask = 2147483647;
			files = (
			);
			runOnlyForDeploymentPostprocessing = 0;
		};
		97C146EC1CF9000F007C117D /* Resources */ = {
			isa = PBXResourcesBuildPhase;
			buildActionMask = 2147483647;
			files = (
				97C147011CF9000F007C117D /* LaunchScreen.storyboard in Resources */,
				3B3967161E833CAA004F5970 /* AppFrameworkInfo.plist in Resources */,
				FAF6F7916F6DFFBFCE1B1932 /* moatheni_alsurihy.aiff in Resources */,
				97427C6B4F9706F5D2025192 /* moatheni_hamd.aiff in Resources */,
				EAF109FC13DE44F74AD1196D /* moatheni_hijazi.aiff in Resources */,
				75E72C7949744CB44968700E /* moatheni_qasas.aiff in Resources */,
				20579F015B957096A1A42B09 /* moatheni_naser.aiff in Resources */,
				68998A7FE35D717410160F35 /* moatheni_salah.aiff in Resources */,
				68BECC8546BABA237B25F2E6 /* moatheni_salah_fajr.aiff in Resources */,
				65D8CFBEF3484BB3388D4EC8 /* moatheni_albany.aiff in Resources */,
				0BBAD3621EB9F5D8B57C4592 /* moatheni_after_prayer_asr.aiff in Resources */,
				BCFF838DBAAE8C61F68201D7 /* moatheni_on_prayer_asr.aiff in Resources */,
				235C6EA31714513947A56E57 /* moatheni_before_lastthird.aiff in Resources */,
				0817352E3B15B69C19C33A2D /* moatheni_short_sound.aiff in Resources */,
				AB769F3119577323D5EE01BB /* moatheni_bird.aiff in Resources */,
				097C4E199F128F39D0A1FDBD /* moatheni_after_prayer_dhuhr.aiff in Resources */,
				6BA44503B101F3DC69DCE11B /* moatheni_on_prayer_dhuhr.aiff in Resources */,
				7136301B2DC3B028B85F68EF /* moatheni_duha.aiff in Resources */,
				E4CF0D1D900464BD65981955 /* moatheni_eqama2.aiff in Resources */,
				B83364035E1D3B91C38E5D0A /* moatheni_evening_azkar1.aiff in Resources */,
				3AD0F8A9B046B76BC27A2E48 /* moatheni_evening_azkar2.aiff in Resources */,
				6C1DB7ECAC9712E7D83EE596 /* moatheni_fajr_alarm.aiff in Resources */,
				17FDCAAC243740043175BBF3 /* moatheni_ring5.aiff in Resources */,
				D9427004203CC058C4E12A01 /* moatheni_ring1.aiff in Resources */,
				ED69471A89B28EB89FA82431 /* moatheni_ring2.aiff in Resources */,
				72B0C38F2C67E60953327F3C /* moatheni_ring3.aiff in Resources */,
				DC2A04748B1DE07151D5A71C /* moatheni_ring4.aiff in Resources */,
				565D23EDFAA32800E5C46E7A /* moatheni_on_prayer_fajr.aiff in Resources */,
				FD2F37956C8441F81D5A9FA3 /* moatheni_after_prayer_fajr.aiff in Resources */,
				CD8080BC5B724482BDFA39E9 /* moatheni_heya_falah.aiff in Resources */,
				D66A10203F3315F2F721DEB1 /* moatheni_fasting_hadeath.aiff in Resources */,
				641658BFF421C97FF8EC0167 /* moatheni_after_prayer_isha.aiff in Resources */,
				F747C0B12045E997FDF953D2 /* moatheni_on_prayer_isha.aiff in Resources */,
				8AA669E7302353C02DA7ABF7 /* moatheni_after_prayer_jumaa.aiff in Resources */,
				8F118755367B12D6E31BD21D /* moatheni_on_prayer_jumaa.aiff in Resources */,
				DE17AB4185D01C82EFD87A67 /* moatheni_jumaa_hour.aiff in Resources */,
				C24BF4A7947179C608FF041E /* moatheni_last_third.aiff in Resources */,
				A137623160D822C80F724D11 /* moatheni_after_prayer_maghrib.aiff in Resources */,
				15C424DBB5BA34D74E0726C6 /* moatheni_on_prayer_maghrib.aiff in Resources */,
				4934267EC0A3374AF648E56B /* moatheni_midnight.aiff in Resources */,
				820B8615428D7846C20982B3 /* moatheni_monday_fasting.aiff in Resources */,
				7080750E4CE3C6FFB49FB400 /* moatheni_morning_azkar1.aiff in Resources */,
				6191314963D70784115D2276 /* moatheni_morning_azkar2.aiff in Resources */,
				9846F8ADB4A37B1C38218107 /* moatheni_before_prayer_asr.aiff in Resources */,
				C2BAE34AA6024F1273F2ECC5 /* moatheni_before_prayer_dhuhr.aiff in Resources */,
				0A03F6F926608D13998B0F86 /* moatheni_before_prayer_fajr.aiff in Resources */,
				17EC2ECDF8E0F90923665F86 /* moatheni_before_prayer_isha.aiff in Resources */,
				180FE2F24C6235C1E7CCCA8B /* moatheni_before_prayer_jumaa.aiff in Resources */,
				81B8A6E97FD72D951C8A070E /* moatheni_before_prayer_maghrib.aiff in Resources */,
				BF325122A4C5338500469FC7 /* moatheni_before_prayer_sunrise.aiff in Resources */,
				2911307D84F4F1912A6ABFAB /* moatheni_heya_salah.aiff in Resources */,
				11E46A946AF76FA4C3166600 /* moatheni_silent_switch.aiff in Resources */,
				EEE072B5D9EDD131C22C7BD9 /* moatheni_silent_sound.aiff in Resources */,
				1063A0772056B00270861A98 /* moatheni_sleep_azkar.aiff in Resources */,
				D4033F7D42E8425F31ECDFC5 /* moatheni_after_prayer_sunrise.aiff in Resources */,
				9CD585E94686AFA895830DD3 /* moatheni_on_prayer_sunrise.aiff in Resources */,
				0AE19DE2FF4FF5E19756191C /* moatheni_takbeer.aiff in Resources */,
				132C02088AA3DF82A68E6A65 /* moatheni_tasbeeh.aiff in Resources */,
				DBDBA72FE53EDEA47FD31778 /* moatheni_telephone.aiff in Resources */,
				ED7D07431F5D16B0117784B3 /* moatheni_thursday_fasting.aiff in Resources */,
				AF482EAD8908E26E1612AB4D /* moatheni_short3.aiff in Resources */,
				0E21ED62887C0F4B32E630BC /* moatheni_short4.aiff in Resources */,
				A8A31FCBCD485804E1431284 /* moatheni_water.aiff in Resources */,
				11AEBC73ED9063C04D843E15 /* moatheni_white_days.aiff in Resources */,
				D0864F922DA32BF80064535A /* azan_1.aiff in Resources */,
				D0864F932DA32BF80064535A /* azan_2.aiff in Resources */,
				D0864F942DA32BF80064535A /* azan_3.aiff in Resources */,
				D0864F952DA32BF80064535A /* noti_1.aiff in Resources */,
				D0864F962DA32BF80064535A /* noti_beep.aiff in Resources */,
				D0864F972DA32BF80064535A /* noti_beep_beep.aiff in Resources */,
				97C146FE1CF9000F007C117D /* Assets.xcassets in Resources */,
				97C146FC1CF9000F007C117D /* Main.storyboard in Resources */,
			);
			runOnlyForDeploymentPostprocessing = 0;
		};
/* End PBXResourcesBuildPhase section */

/* Begin PBXShellScriptBuildPhase section */
		002C70A02AF794735A337890 /* [CP] Check Pods Manifest.lock */ = {
			isa = PBXShellScriptBuildPhase;
			buildActionMask = 2147483647;
			files = (
			);
			inputFileListPaths = (
			);
			inputPaths = (
				"${PODS_PODFILE_DIR_PATH}/Podfile.lock",
				"${PODS_ROOT}/Manifest.lock",
			);
			name = "[CP] Check Pods Manifest.lock";
			outputFileListPaths = (
			);
			outputPaths = (
				"$(DERIVED_FILE_DIR)/Pods-RunnerTests-checkManifestLockResult.txt",
			);
			runOnlyForDeploymentPostprocessing = 0;
			shellPath = /bin/sh;
			shellScript = "diff \"${PODS_PODFILE_DIR_PATH}/Podfile.lock\" \"${PODS_ROOT}/Manifest.lock\" > /dev/null\nif [ $? != 0 ] ; then\n    # print error to STDERR\n    echo \"error: The sandbox is not in sync with the Podfile.lock. Run 'pod install' or update your CocoaPods installation.\" >&2\n    exit 1\nfi\n# This output is used by Xcode 'outputs' to avoid re-running this script phase.\necho \"SUCCESS\" > \"${SCRIPT_OUTPUT_FILE_0}\"\n";
			showEnvVarsInLog = 0;
		};
		3B06AD1E1E4923F5004D2608 /* Thin Binary */ = {
			isa = PBXShellScriptBuildPhase;
			alwaysOutOfDate = 1;
			buildActionMask = 2147483647;
			files = (
			);
			inputPaths = (
				"${TARGET_BUILD_DIR}/${INFOPLIST_PATH}",
			);
			name = "Thin Binary";
			outputPaths = (
			);
			runOnlyForDeploymentPostprocessing = 0;
			shellPath = /bin/sh;
			shellScript = "/bin/sh \"$FLUTTER_ROOT/packages/flutter_tools/bin/xcode_backend.sh\" embed_and_thin";
		};
		6B8A86E72AFB0FE212E91394 /* [CP] Embed Pods Frameworks */ = {
			isa = PBXShellScriptBuildPhase;
			buildActionMask = 2147483647;
			files = (
			);
			inputFileListPaths = (
				"${PODS_ROOT}/Target Support Files/Pods-Runner/Pods-Runner-frameworks-${CONFIGURATION}-input-files.xcfilelist",
			);
			name = "[CP] Embed Pods Frameworks";
			outputFileListPaths = (
				"${PODS_ROOT}/Target Support Files/Pods-Runner/Pods-Runner-frameworks-${CONFIGURATION}-output-files.xcfilelist",
			);
			runOnlyForDeploymentPostprocessing = 0;
			shellPath = /bin/sh;
			shellScript = "\"${PODS_ROOT}/Target Support Files/Pods-Runner/Pods-Runner-frameworks.sh\"\n";
			showEnvVarsInLog = 0;
		};
		9740EEB61CF901F6004384FC /* Run Script */ = {
			isa = PBXShellScriptBuildPhase;
			alwaysOutOfDate = 1;
			buildActionMask = 2147483647;
			files = (
			);
			inputPaths = (
			);
			name = "Run Script";
			outputPaths = (
			);
			runOnlyForDeploymentPostprocessing = 0;
			shellPath = /bin/sh;
			shellScript = "/bin/sh \"$FLUTTER_ROOT/packages/flutter_tools/bin/xcode_backend.sh\" build";
		};
		977ECDA1DA91F286E135FC5D /* [CP] Check Pods Manifest.lock */ = {
			isa = PBXShellScriptBuildPhase;
			buildActionMask = 2147483647;
			files = (
			);
			inputFileListPaths = (
			);
			inputPaths = (
				"${PODS_PODFILE_DIR_PATH}/Podfile.lock",
				"${PODS_ROOT}/Manifest.lock",
			);
			name = "[CP] Check Pods Manifest.lock";
			outputFileListPaths = (
			);
			outputPaths = (
				"$(DERIVED_FILE_DIR)/Pods-Runner-checkManifestLockResult.txt",
			);
			runOnlyForDeploymentPostprocessing = 0;
			shellPath = /bin/sh;
			shellScript = "diff \"${PODS_PODFILE_DIR_PATH}/Podfile.lock\" \"${PODS_ROOT}/Manifest.lock\" > /dev/null\nif [ $? != 0 ] ; then\n    # print error to STDERR\n    echo \"error: The sandbox is not in sync with the Podfile.lock. Run 'pod install' or update your CocoaPods installation.\" >&2\n    exit 1\nfi\n# This output is used by Xcode 'outputs' to avoid re-running this script phase.\necho \"SUCCESS\" > \"${SCRIPT_OUTPUT_FILE_0}\"\n";
			showEnvVarsInLog = 0;
		};
		A7A6051EF7C3947D7193DDF9 /* [CP] Copy Pods Resources */ = {
			isa = PBXShellScriptBuildPhase;
			buildActionMask = 2147483647;
			files = (
			);
			inputFileListPaths = (
				"${PODS_ROOT}/Target Support Files/Pods-Runner/Pods-Runner-resources-${CONFIGURATION}-input-files.xcfilelist",
			);
			name = "[CP] Copy Pods Resources";
			outputFileListPaths = (
				"${PODS_ROOT}/Target Support Files/Pods-Runner/Pods-Runner-resources-${CONFIGURATION}-output-files.xcfilelist",
			);
			runOnlyForDeploymentPostprocessing = 0;
			shellPath = /bin/sh;
			shellScript = "\"${PODS_ROOT}/Target Support Files/Pods-Runner/Pods-Runner-resources.sh\"\n";
			showEnvVarsInLog = 0;
		};
/* End PBXShellScriptBuildPhase section */

/* Begin PBXSourcesBuildPhase section */
		331C807D294A63A400263BE5 /* Sources */ = {
			isa = PBXSourcesBuildPhase;
			buildActionMask = 2147483647;
			files = (
				331C808B294A63AB00263BE5 /* RunnerTests.swift in Sources */,
			);
			runOnlyForDeploymentPostprocessing = 0;
		};
		97C146EA1CF9000F007C117D /* Sources */ = {
			isa = PBXSourcesBuildPhase;
			buildActionMask = 2147483647;
			files = (
				74858FAF1ED2DC5600515810 /* AppDelegate.swift in Sources */,
				1498D2341E8E89220040F4C2 /* GeneratedPluginRegistrant.m in Sources */,
			);
			runOnlyForDeploymentPostprocessing = 0;
		};
/* End PBXSourcesBuildPhase section */

/* Begin PBXTargetDependency section */
		331C8086294A63A400263BE5 /* PBXTargetDependency */ = {
			isa = PBXTargetDependency;
			target = 97C146ED1CF9000F007C117D /* Runner */;
			targetProxy = 331C8085294A63A400263BE5 /* PBXContainerItemProxy */;
		};
/* End PBXTargetDependency section */

/* Begin PBXVariantGroup section */
		97C146FA1CF9000F007C117D /* Main.storyboard */ = {
			isa = PBXVariantGroup;
			children = (
				97C146FB1CF9000F007C117D /* Base */,
			);
			name = Main.storyboard;
			sourceTree = "<group>";
		};
		97C146FF1CF9000F007C117D /* LaunchScreen.storyboard */ = {
			isa = PBXVariantGroup;
			children = (
				97C147001CF9000F007C117D /* Base */,
			);
			name = LaunchScreen.storyboard;
			sourceTree = "<group>";
		};
/* End PBXVariantGroup section */

/* Begin XCBuildConfiguration section */
		249021D3217E4FDB00AE95B9 /* Profile */ = {
			isa = XCBuildConfiguration;
			buildSettings = {
				ALWAYS_SEARCH_USER_PATHS = NO;
				CLANG_ANALYZER_NONNULL = YES;
				CLANG_CXX_LANGUAGE_STANDARD = "gnu++0x";
				CLANG_CXX_LIBRARY = "libc++";
				CLANG_ENABLE_MODULES = YES;
				CLANG_ENABLE_OBJC_ARC = YES;
				CLANG_WARN_BLOCK_CAPTURE_AUTORELEASING = YES;
				CLANG_WARN_BOOL_CONVERSION = YES;
				CLANG_WARN_COMMA = YES;
				CLANG_WARN_CONSTANT_CONVERSION = YES;
				CLANG_WARN_DEPRECATED_OBJC_IMPLEMENTATIONS = YES;
				CLANG_WARN_DIRECT_OBJC_ISA_USAGE = YES_ERROR;
				CLANG_WARN_EMPTY_BODY = YES;
				CLANG_WARN_ENUM_CONVERSION = YES;
				CLANG_WARN_INFINITE_RECURSION = YES;
				CLANG_WARN_INT_CONVERSION = YES;
				CLANG_WARN_NON_LITERAL_NULL_CONVERSION = YES;
				CLANG_WARN_OBJC_IMPLICIT_RETAIN_SELF = YES;
				CLANG_WARN_OBJC_LITERAL_CONVERSION = YES;
				CLANG_WARN_OBJC_ROOT_CLASS = YES_ERROR;
				CLANG_WARN_QUOTED_INCLUDE_IN_FRAMEWORK_HEADER = YES;
				CLANG_WARN_RANGE_LOOP_ANALYSIS = YES;
				CLANG_WARN_STRICT_PROTOTYPES = YES;
				CLANG_WARN_SUSPICIOUS_MOVE = YES;
				CLANG_WARN_UNREACHABLE_CODE = YES;
				CLANG_WARN__DUPLICATE_METHOD_MATCH = YES;
				"CODE_SIGN_IDENTITY[sdk=iphoneos*]" = "iPhone Developer";
				COPY_PHASE_STRIP = NO;
				DEBUG_INFORMATION_FORMAT = "dwarf-with-dsym";
				ENABLE_NS_ASSERTIONS = NO;
				ENABLE_STRICT_OBJC_MSGSEND = YES;
				ENABLE_USER_SCRIPT_SANDBOXING = YES;
				GCC_C_LANGUAGE_STANDARD = gnu99;
				GCC_NO_COMMON_BLOCKS = YES;
				GCC_WARN_64_TO_32_BIT_CONVERSION = YES;
				GCC_WARN_ABOUT_RETURN_TYPE = YES_ERROR;
				GCC_WARN_UNDECLARED_SELECTOR = YES;
				GCC_WARN_UNINITIALIZED_AUTOS = YES_AGGRESSIVE;
				GCC_WARN_UNUSED_FUNCTION = YES;
				GCC_WARN_UNUSED_VARIABLE = YES;
				IPHONEOS_DEPLOYMENT_TARGET = 14.0;
				MTL_ENABLE_DEBUG_INFO = NO;
				SDKROOT = iphoneos;
				SUPPORTED_PLATFORMS = iphoneos;
				TARGETED_DEVICE_FAMILY = "1,2";
				VALIDATE_PRODUCT = YES;
			};
			name = Profile;
		};
		249021D4217E4FDB00AE95B9 /* Profile */ = {
			isa = XCBuildConfiguration;
			baseConfigurationReference = 7AFA3C8E1D35360C0083082E /* Release.xcconfig */;
			buildSettings = {
				ASSETCATALOG_COMPILER_APPICON_NAME = AppIcon;
				CLANG_ENABLE_MODULES = YES;
				CODE_SIGN_IDENTITY = "Apple Development";
				CODE_SIGN_STYLE = Automatic;
				CURRENT_PROJECT_VERSION = "$(FLUTTER_BUILD_NUMBER)";
				DEVELOPMENT_TEAM = "";
				ENABLE_BITCODE = NO;
				ENABLE_USER_SCRIPT_SANDBOXING = NO;
				INFOPLIST_FILE = Runner/Info.plist;
				IPHONEOS_DEPLOYMENT_TARGET = 14.0;
				LD_RUNPATH_SEARCH_PATHS = (
					"$(inherited)",
					"@executable_path/Frameworks",
				);
				PRODUCT_BUNDLE_IDENTIFIER = com.example.zabi;
				PRODUCT_NAME = "$(TARGET_NAME)";
				PROVISIONING_PROFILE_SPECIFIER = "";
				SWIFT_OBJC_BRIDGING_HEADER = "Runner/Runner-Bridging-Header.h";
				SWIFT_VERSION = 5.0;
				VERSIONING_SYSTEM = "apple-generic";
			};
			name = Profile;
		};
		331C8088294A63A400263BE5 /* Debug */ = {
			isa = XCBuildConfiguration;
			baseConfigurationReference = EBA1478E62CB8B0BF803863B /* Pods-RunnerTests.debug.xcconfig */;
			buildSettings = {
				BUNDLE_LOADER = "$(TEST_HOST)";
				CODE_SIGN_STYLE = Automatic;
				CURRENT_PROJECT_VERSION = 1;
				GENERATE_INFOPLIST_FILE = YES;
				MARKETING_VERSION = 1.0;
				PRODUCT_BUNDLE_IDENTIFIER = com.example.zabi.RunnerTests;
				PRODUCT_NAME = "$(TARGET_NAME)";
				SWIFT_ACTIVE_COMPILATION_CONDITIONS = DEBUG;
				SWIFT_OPTIMIZATION_LEVEL = "-Onone";
				SWIFT_VERSION = 5.0;
				TEST_HOST = "$(BUILT_PRODUCTS_DIR)/Runner.app/$(BUNDLE_EXECUTABLE_FOLDER_PATH)/Runner";
			};
			name = Debug;
		};
		331C8089294A63A400263BE5 /* Release */ = {
			isa = XCBuildConfiguration;
			baseConfigurationReference = 16BFF55C227188835DCEBE5F /* Pods-RunnerTests.release.xcconfig */;
			buildSettings = {
				BUNDLE_LOADER = "$(TEST_HOST)";
				CODE_SIGN_STYLE = Automatic;
				CURRENT_PROJECT_VERSION = 1;
				GENERATE_INFOPLIST_FILE = YES;
				MARKETING_VERSION = 1.0;
				PRODUCT_BUNDLE_IDENTIFIER = com.example.zabi.RunnerTests;
				PRODUCT_NAME = "$(TARGET_NAME)";
				SWIFT_VERSION = 5.0;
				TEST_HOST = "$(BUILT_PRODUCTS_DIR)/Runner.app/$(BUNDLE_EXECUTABLE_FOLDER_PATH)/Runner";
			};
			name = Release;
		};
		331C808A294A63A400263BE5 /* Profile */ = {
			isa = XCBuildConfiguration;
			baseConfigurationReference = 0B0C75C3772DE1A04DFF30BD /* Pods-RunnerTests.profile.xcconfig */;
			buildSettings = {
				BUNDLE_LOADER = "$(TEST_HOST)";
				CODE_SIGN_STYLE = Automatic;
				CURRENT_PROJECT_VERSION = 1;
				GENERATE_INFOPLIST_FILE = YES;
				MARKETING_VERSION = 1.0;
				PRODUCT_BUNDLE_IDENTIFIER = com.example.zabi.RunnerTests;
				PRODUCT_NAME = "$(TARGET_NAME)";
				SWIFT_VERSION = 5.0;
				TEST_HOST = "$(BUILT_PRODUCTS_DIR)/Runner.app/$(BUNDLE_EXECUTABLE_FOLDER_PATH)/Runner";
			};
			name = Profile;
		};
		97C147031CF9000F007C117D /* Debug */ = {
			isa = XCBuildConfiguration;
			buildSettings = {
				ALWAYS_SEARCH_USER_PATHS = NO;
				CLANG_ANALYZER_NONNULL = YES;
				CLANG_CXX_LANGUAGE_STANDARD = "gnu++0x";
				CLANG_CXX_LIBRARY = "libc++";
				CLANG_ENABLE_MODULES = YES;
				CLANG_ENABLE_OBJC_ARC = YES;
				CLANG_WARN_BLOCK_CAPTURE_AUTORELEASING = YES;
				CLANG_WARN_BOOL_CONVERSION = YES;
				CLANG_WARN_COMMA = YES;
				CLANG_WARN_CONSTANT_CONVERSION = YES;
				CLANG_WARN_DEPRECATED_OBJC_IMPLEMENTATIONS = YES;
				CLANG_WARN_DIRECT_OBJC_ISA_USAGE = YES_ERROR;
				CLANG_WARN_EMPTY_BODY = YES;
				CLANG_WARN_ENUM_CONVERSION = YES;
				CLANG_WARN_INFINITE_RECURSION = YES;
				CLANG_WARN_INT_CONVERSION = YES;
				CLANG_WARN_NON_LITERAL_NULL_CONVERSION = YES;
				CLANG_WARN_OBJC_IMPLICIT_RETAIN_SELF = YES;
				CLANG_WARN_OBJC_LITERAL_CONVERSION = YES;
				CLANG_WARN_OBJC_ROOT_CLASS = YES_ERROR;
				CLANG_WARN_QUOTED_INCLUDE_IN_FRAMEWORK_HEADER = YES;
				CLANG_WARN_RANGE_LOOP_ANALYSIS = YES;
				CLANG_WARN_STRICT_PROTOTYPES = YES;
				CLANG_WARN_SUSPICIOUS_MOVE = YES;
				CLANG_WARN_UNREACHABLE_CODE = YES;
				CLANG_WARN__DUPLICATE_METHOD_MATCH = YES;
				"CODE_SIGN_IDENTITY[sdk=iphoneos*]" = "iPhone Developer";
				COPY_PHASE_STRIP = NO;
				DEBUG_INFORMATION_FORMAT = dwarf;
				ENABLE_STRICT_OBJC_MSGSEND = YES;
				ENABLE_TESTABILITY = YES;
				ENABLE_USER_SCRIPT_SANDBOXING = YES;
				GCC_C_LANGUAGE_STANDARD = gnu99;
				GCC_DYNAMIC_NO_PIC = NO;
				GCC_NO_COMMON_BLOCKS = YES;
				GCC_OPTIMIZATION_LEVEL = 0;
				GCC_PREPROCESSOR_DEFINITIONS = (
					"DEBUG=1",
					"$(inherited)",
				);
				GCC_WARN_64_TO_32_BIT_CONVERSION = YES;
				GCC_WARN_ABOUT_RETURN_TYPE = YES_ERROR;
				GCC_WARN_UNDECLARED_SELECTOR = YES;
				GCC_WARN_UNINITIALIZED_AUTOS = YES_AGGRESSIVE;
				GCC_WARN_UNUSED_FUNCTION = YES;
				GCC_WARN_UNUSED_VARIABLE = YES;
				IPHONEOS_DEPLOYMENT_TARGET = 14.0;
				MTL_ENABLE_DEBUG_INFO = YES;
				ONLY_ACTIVE_ARCH = YES;
				SDKROOT = iphoneos;
				TARGETED_DEVICE_FAMILY = "1,2";
			};
			name = Debug;
		};
		97C147041CF9000F007C117D /* Release */ = {
			isa = XCBuildConfiguration;
			buildSettings = {
				ALWAYS_SEARCH_USER_PATHS = NO;
				CLANG_ANALYZER_NONNULL = YES;
				CLANG_CXX_LANGUAGE_STANDARD = "gnu++0x";
				CLANG_CXX_LIBRARY = "libc++";
				CLANG_ENABLE_MODULES = YES;
				CLANG_ENABLE_OBJC_ARC = YES;
				CLANG_WARN_BLOCK_CAPTURE_AUTORELEASING = YES;
				CLANG_WARN_BOOL_CONVERSION = YES;
				CLANG_WARN_COMMA = YES;
				CLANG_WARN_CONSTANT_CONVERSION = YES;
				CLANG_WARN_DEPRECATED_OBJC_IMPLEMENTATIONS = YES;
				CLANG_WARN_DIRECT_OBJC_ISA_USAGE = YES_ERROR;
				CLANG_WARN_EMPTY_BODY = YES;
				CLANG_WARN_ENUM_CONVERSION = YES;
				CLANG_WARN_INFINITE_RECURSION = YES;
				CLANG_WARN_INT_CONVERSION = YES;
				CLANG_WARN_NON_LITERAL_NULL_CONVERSION = YES;
				CLANG_WARN_OBJC_IMPLICIT_RETAIN_SELF = YES;
				CLANG_WARN_OBJC_LITERAL_CONVERSION = YES;
				CLANG_WARN_OBJC_ROOT_CLASS = YES_ERROR;
				CLANG_WARN_QUOTED_INCLUDE_IN_FRAMEWORK_HEADER = YES;
				CLANG_WARN_RANGE_LOOP_ANALYSIS = YES;
				CLANG_WARN_STRICT_PROTOTYPES = YES;
				CLANG_WARN_SUSPICIOUS_MOVE = YES;
				CLANG_WARN_UNREACHABLE_CODE = YES;
				CLANG_WARN__DUPLICATE_METHOD_MATCH = YES;
				"CODE_SIGN_IDENTITY[sdk=iphoneos*]" = "iPhone Developer";
				COPY_PHASE_STRIP = NO;
				DEBUG_INFORMATION_FORMAT = "dwarf-with-dsym";
				ENABLE_NS_ASSERTIONS = NO;
				ENABLE_STRICT_OBJC_MSGSEND = YES;
				ENABLE_USER_SCRIPT_SANDBOXING = YES;
				GCC_C_LANGUAGE_STANDARD = gnu99;
				GCC_NO_COMMON_BLOCKS = YES;
				GCC_WARN_64_TO_32_BIT_CONVERSION = YES;
				GCC_WARN_ABOUT_RETURN_TYPE = YES_ERROR;
				GCC_WARN_UNDECLARED_SELECTOR = YES;
				GCC_WARN_UNINITIALIZED_AUTOS = YES_AGGRESSIVE;
				GCC_WARN_UNUSED_FUNCTION = YES;
				GCC_WARN_UNUSED_VARIABLE = YES;
				IPHONEOS_DEPLOYMENT_TARGET = 14.0;
				MTL_ENABLE_DEBUG_INFO = NO;
				SDKROOT = iphoneos;
				SUPPORTED_PLATFORMS = iphoneos;
				SWIFT_COMPILATION_MODE = wholemodule;
				SWIFT_OPTIMIZATION_LEVEL = "-O";
				TARGETED_DEVICE_FAMILY = "1,2";
				VALIDATE_PRODUCT = YES;
			};
			name = Release;
		};
		97C147061CF9000F007C117D /* Debug */ = {
			isa = XCBuildConfiguration;
			baseConfigurationReference = 9740EEB21CF90195004384FC /* Debug.xcconfig */;
			buildSettings = {
				ASSETCATALOG_COMPILER_APPICON_NAME = AppIcon;
				CLANG_ENABLE_MODULES = YES;
				CODE_SIGN_IDENTITY = "Apple Development";
				CODE_SIGN_STYLE = Automatic;
				CURRENT_PROJECT_VERSION = "$(FLUTTER_BUILD_NUMBER)";
				DEVELOPMENT_TEAM = "";
				ENABLE_BITCODE = NO;
				ENABLE_USER_SCRIPT_SANDBOXING = NO;
				INFOPLIST_FILE = Runner/Info.plist;
				IPHONEOS_DEPLOYMENT_TARGET = 14.0;
				LD_RUNPATH_SEARCH_PATHS = (
					"$(inherited)",
					"@executable_path/Frameworks",
				);
				PRODUCT_BUNDLE_IDENTIFIER = com.example.zabi;
				PRODUCT_NAME = "$(TARGET_NAME)";
				PROVISIONING_PROFILE_SPECIFIER = "";
				SWIFT_OBJC_BRIDGING_HEADER = "Runner/Runner-Bridging-Header.h";
				SWIFT_OPTIMIZATION_LEVEL = "-Onone";
				SWIFT_VERSION = 5.0;
				VERSIONING_SYSTEM = "apple-generic";
			};
			name = Debug;
		};
		97C147071CF9000F007C117D /* Release */ = {
			isa = XCBuildConfiguration;
			baseConfigurationReference = 7AFA3C8E1D35360C0083082E /* Release.xcconfig */;
			buildSettings = {
				ASSETCATALOG_COMPILER_APPICON_NAME = AppIcon;
				CLANG_ENABLE_MODULES = YES;
				CODE_SIGN_IDENTITY = "Apple Development";
				CODE_SIGN_STYLE = Automatic;
				CURRENT_PROJECT_VERSION = "$(FLUTTER_BUILD_NUMBER)";
				DEVELOPMENT_TEAM = "";
				ENABLE_BITCODE = NO;
				ENABLE_USER_SCRIPT_SANDBOXING = NO;
				INFOPLIST_FILE = Runner/Info.plist;
				IPHONEOS_DEPLOYMENT_TARGET = 14.0;
				LD_RUNPATH_SEARCH_PATHS = (
					"$(inherited)",
					"@executable_path/Frameworks",
				);
				PRODUCT_BUNDLE_IDENTIFIER = com.example.zabi;
				PRODUCT_NAME = "$(TARGET_NAME)";
				PROVISIONING_PROFILE_SPECIFIER = "";
				SWIFT_OBJC_BRIDGING_HEADER = "Runner/Runner-Bridging-Header.h";
				SWIFT_VERSION = 5.0;
				VERSIONING_SYSTEM = "apple-generic";
			};
			name = Release;
		};
/* End XCBuildConfiguration section */

/* Begin XCConfigurationList section */
		331C8087294A63A400263BE5 /* Build configuration list for PBXNativeTarget "RunnerTests" */ = {
			isa = XCConfigurationList;
			buildConfigurations = (
				331C8088294A63A400263BE5 /* Debug */,
				331C8089294A63A400263BE5 /* Release */,
				331C808A294A63A400263BE5 /* Profile */,
			);
			defaultConfigurationIsVisible = 0;
			defaultConfigurationName = Release;
		};
		97C146E91CF9000F007C117D /* Build configuration list for PBXProject "Runner" */ = {
			isa = XCConfigurationList;
			buildConfigurations = (
				97C147031CF9000F007C117D /* Debug */,
				97C147041CF9000F007C117D /* Release */,
				249021D3217E4FDB00AE95B9 /* Profile */,
			);
			defaultConfigurationIsVisible = 0;
			defaultConfigurationName = Release;
		};
		97C147051CF9000F007C117D /* Build configuration list for PBXNativeTarget "Runner" */ = {
			isa = XCConfigurationList;
			buildConfigurations = (
				97C147061CF9000F007C117D /* Debug */,
				97C147071CF9000F007C117D /* Release */,
				249021D4217E4FDB00AE95B9 /* Profile */,
			);
			defaultConfigurationIsVisible = 0;
			defaultConfigurationName = Release;
		};
/* End XCConfigurationList section */

/* Begin XCLocalSwiftPackageReference section */
		781AD8BC2B33823900A9FFBB /* XCLocalSwiftPackageReference "FlutterGeneratedPluginSwiftPackage" */ = {
			isa = XCLocalSwiftPackageReference;
			relativePath = Flutter/ephemeral/Packages/FlutterGeneratedPluginSwiftPackage;
		};
/* End XCLocalSwiftPackageReference section */

/* Begin XCSwiftPackageProductDependency section */
		78A3181F2AECB46A00862997 /* FlutterGeneratedPluginSwiftPackage */ = {
			isa = XCSwiftPackageProductDependency;
			productName = FlutterGeneratedPluginSwiftPackage;
		};
/* End XCSwiftPackageProductDependency section */
	};
	rootObject = 97C146E61CF9000F007C117D /* Project object */;
}
